<?xml version="1.0" encoding="utf-8"?>
<Project ToolsVersion="4.0" xmlns="http://schemas.microsoft.com/developer/msbuild/2003">
  <ItemGroup>
    <Filter Include="소스 파일">
      <UniqueIdentifier>{4FC737F1-C7A5-4376-A066-2A32D752A2FF}</UniqueIdentifier>
      <Extensions>cpp;c;cc;cxx;c++;cppm;ixx;def;odl;idl;hpj;bat;asm;asmx</Extensions>
    </Filter>
    <Filter Include="헤더 파일">
      <UniqueIdentifier>{93995380-89BD-4b04-88EB-625FBE52EBFB}</UniqueIdentifier>
      <Extensions>h;hh;hpp;hxx;h++;hm;inl;inc;ipp;xsd</Extensions>
    </Filter>
    <Filter Include="리소스 파일">
      <UniqueIdentifier>{67DA6AB6-F800-4c08-8B7A-83BB121AAD01}</UniqueIdentifier>
      <Extensions>rc;ico;cur;bmp;dlg;rc2;rct;bin;rgs;gif;jpg;jpeg;jpe;resx;tiff;tif;png;wav;mfcribbon-ms</Extensions>
    </Filter>
  </ItemGroup>
  <ItemGroup>
    <ClCompile Include="1주차 1번_데구 설명.cpp">
      <Filter>소스 파일</Filter>
    </ClCompile>
    <ClCompile Include="1주차 2번_ADT설명.cpp">
      <Filter>소스 파일</Filter>
    </ClCompile>
    <ClCompile Include="1주차 대면.cpp">
      <Filter>소스 파일</Filter>
    </ClCompile>
    <ClCompile Include="1주차 big-o.cpp">
      <Filter>소스 파일</Filter>
    </ClCompile>
    <ClCompile Include="1주차 자습.cpp">
      <Filter>소스 파일</Filter>
    </ClCompile>
    <ClCompile Include="2주차 1번 숫자 합.cpp">
      <Filter>소스 파일</Filter>
    </ClCompile>
    <ClCompile Include="2주차 2번+3번 recursion을 이용한 Hanoi의 탑.cpp">
      <Filter>소스 파일</Filter>
    </ClCompile>
    <ClCompile Include="2주차 자습.cpp">
      <Filter>소스 파일</Filter>
    </ClCompile>
    <ClCompile Include="0주차 자습 스터디01.cpp">
      <Filter>소스 파일</Filter>
    </ClCompile>
    <ClCompile Include="2주차 대면.cpp">
      <Filter>소스 파일</Filter>
    </ClCompile>
    <ClCompile Include="3주차 대면 책 예제.cpp">
      <Filter>소스 파일</Filter>
    </ClCompile>
    <ClCompile Include="3주차 자습.cpp">
      <Filter>소스 파일</Filter>
    </ClCompile>
    <ClCompile Include="3주차 대면+영상1.cpp">
      <Filter>소스 파일</Filter>
    </ClCompile>
    <ClCompile Include="3주차 대면+영상2.cpp">
      <Filter>소스 파일</Filter>
    </ClCompile>
    <ClCompile Include="4주차 자습-SLL.cpp">
      <Filter>소스 파일</Filter>
    </ClCompile>
    <ClCompile Include="4주차 자습-DLL.cpp">
      <Filter>소스 파일</Filter>
    </ClCompile>
    <ClCompile Include="4주차 대면.cpp">
      <Filter>소스 파일</Filter>
    </ClCompile>
    <ClCompile Include="5주차 영상.cpp">
      <Filter>소스 파일</Filter>
    </ClCompile>
    <ClCompile Include="5주차 자습 (sll dll stk que) .cpp">
      <Filter>소스 파일</Filter>
    </ClCompile>
    <ClCompile Include="5주차 대면.cpp">
      <Filter>소스 파일</Filter>
    </ClCompile>
    <ClCompile Include="6-7주차 영상 BST.cpp">
      <Filter>소스 파일</Filter>
    </ClCompile>
    <ClCompile Include="7주차 기본 총정리.cpp">
      <Filter>소스 파일</Filter>
    </ClCompile>
    <ClCompile Include="7주차 대면.cpp">
      <Filter>소스 파일</Filter>
    </ClCompile>
    <ClCompile Include="8주차 자습 Heap.cpp">
      <Filter>소스 파일</Filter>
    </ClCompile>
    <ClCompile Include="8주차 대면.cpp">
      <Filter>소스 파일</Filter>
    </ClCompile>
    <ClCompile Include="0주차 손코딩 예제.cpp">
      <Filter>소스 파일</Filter>
    </ClCompile>
    <ClCompile Include="9주차 영상 sort.cpp">
      <Filter>소스 파일</Filter>
    </ClCompile>
    <ClCompile Include="9주차 자습.cpp">
      <Filter>소스 파일</Filter>
    </ClCompile>
    <ClCompile Include="9주차 대면.cpp">
      <Filter>소스 파일</Filter>
    </ClCompile>
    <ClCompile Include="10주차 영상.cpp">
      <Filter>소스 파일</Filter>
    </ClCompile>
    <ClCompile Include="10주차 대면.cpp">
      <Filter>소스 파일</Filter>
    </ClCompile>
    <ClCompile Include="11주차 영상.cpp">
      <Filter>소스 파일</Filter>
    </ClCompile>
    <ClCompile Include="10주차 자습.cpp">
      <Filter>소스 파일</Filter>
    </ClCompile>
    <ClCompile Include="11주차 자습.cpp">
      <Filter>소스 파일</Filter>
    </ClCompile>
    <ClCompile Include="온라인저지.cpp">
      <Filter>소스 파일</Filter>
    </ClCompile>
    <ClCompile Include="11주차 대면.cpp">
      <Filter>소스 파일</Filter>
    </ClCompile>
    <ClCompile Include="12주차 영상.cpp">
      <Filter>소스 파일</Filter>
    </ClCompile>
    <ClCompile Include="-정렬 정리.cpp">
      <Filter>소스 파일</Filter>
    </ClCompile>
    <ClCompile Include="BST.cpp">
      <Filter>소스 파일</Filter>
    </ClCompile>
    <ClCompile Include="MAX_HEAP.cpp">
      <Filter>소스 파일</Filter>
    </ClCompile>
    <ClCompile Include="DFS BFS.cpp">
      <Filter>소스 파일</Filter>
    </ClCompile>
    <ClCompile Include="MST.cpp">
      <Filter>소스 파일</Filter>
    </ClCompile>
    <ClCompile Include="12주차 대면.cpp">
      <Filter>소스 파일</Filter>
    </ClCompile>
    <ClCompile Include="find cheeze.cpp">
      <Filter>소스 파일</Filter>
    </ClCompile>
    <ClCompile Include="13주차 영상.cpp">
      <Filter>소스 파일</Filter>
    </ClCompile>
    <ClCompile Include="SLL DLL.cpp">
      <Filter>소스 파일</Filter>
    </ClCompile>
    <ClCompile Include="시험대비.cpp">
      <Filter>소스 파일</Filter>
    </ClCompile>
    <ClCompile Include="다익스트라.cpp">
      <Filter>소스 파일</Filter>
    </ClCompile>
  </ItemGroup>
</Project>